Microsoft Visual Studio Solution File, Format Version 12.00
# Visual Studio Version 17
VisualStudioVersion = 17.0.31611.283
MinimumVisualStudioVersion = 10.0.40219.1
Project("{2150E333-8FDC-42A3-9474-1A3956D46DE8}") = "Application", "Application", "{D9545B6D-85CC-47FA-97EE-DDD3E6CFBBCE}"
EndProject
Project("{2150E333-8FDC-42A3-9474-1A3956D46DE8}") = "IdentityApi", "IdentityApi", "{527250D5-7961-4759-89D8-E6365F1443DA}"
EndProject
Project("{2150E333-8FDC-42A3-9474-1A3956D46DE8}") = "UI", "UI", "{62E703B4-079D-4822-94CA-DCA9B756FE0A}"
EndProject
Project("{2150E333-8FDC-42A3-9474-1A3956D46DE8}") = "Clients", "Clients", "{5D0DD62B-C159-4A0F-81A6-486A76C1BF31}"
EndProject
Project("{2150E333-8FDC-42A3-9474-1A3956D46DE8}") = "Modules", "Modules", "{FE3D0ECF-CC91-4334-9B0D-92B8FFC41BF1}"
EndProject
Project("{2150E333-8FDC-42A3-9474-1A3956D46DE8}") = "Libraries", "Libraries", "{13BA9D95-3D67-42FB-AB2C-181717B7C27B}"
EndProject
Project("{9A19103F-16F7-4668-BE54-9A1E7A4F7556}") = "Buzzword.Application.API", "src\Application\Buzzword.Application.API\Buzzword.Application.API.csproj", "{12D0E713-F096-45A6-B9E1-AF9B137F3167}"
EndProject
Project("{9A19103F-16F7-4668-BE54-9A1E7A4F7556}") = "Buzzword.Application.Contracts", "src\Application\Buzzword.Application.Contracts\Buzzword.Application.Contracts.csproj", "{4527FDF3-3846-4EB9-996C-CCD1F628B65A}"
EndProject
Project("{9A19103F-16F7-4668-BE54-9A1E7A4F7556}") = "Buzzword.Identity.API", "src\Identity\Buzzword.Identity.API\Buzzword.Identity.API.csproj", "{644175A6-3349-402A-B686-90E40CA2DDAF}"
EndProject
Project("{9A19103F-16F7-4668-BE54-9A1E7A4F7556}") = "Buzzword.Identity.Contracts", "src\Identity\Buzzword.Identity.Contracts\Buzzword.Identity.Contracts.csproj", "{AD9DCE65-0BA9-475E-B3CD-EE4F0F9937E0}"
EndProject
Project("{9A19103F-16F7-4668-BE54-9A1E7A4F7556}") = "Buzzword.Common", "src\Libraries\Buzzword.Common\Buzzword.Common.csproj", "{D8C69D8C-A74B-4D7F-BCB8-D124CE254870}"
EndProject
Project("{9A19103F-16F7-4668-BE54-9A1E7A4F7556}") = "Buzzword.HttpPolly", "src\Libraries\Buzzword.HttpPolly\Buzzword.HttpPolly.csproj", "{6F7AD21F-8967-466D-999D-6BD3916C8997}"
EndProject
Project("{9A19103F-16F7-4668-BE54-9A1E7A4F7556}") = "Buzzword.Components", "src\UI\Modules\Buzzword.Components\Buzzword.Components.csproj", "{9130F621-4BA1-4424-9401-5674B22D202A}"
EndProject
Project("{9A19103F-16F7-4668-BE54-9A1E7A4F7556}") = "Buzzword.Pages", "src\UI\Modules\Buzzword.Pages\Buzzword.Pages.csproj", "{C9F22F72-A390-405A-8954-47AC6D2AE22C}"
EndProject
Project("{9A19103F-16F7-4668-BE54-9A1E7A4F7556}") = "Buzzword.Shared", "src\UI\Modules\Buzzword.Shared\Buzzword.Shared.csproj", "{4350E5D3-A829-4FDD-B61B-559F4FC9A1FF}"
EndProject
Project("{9A19103F-16F7-4668-BE54-9A1E7A4F7556}") = "Buzzword.WebApp", "src\UI\Clients\Buzzword.WebApp\Buzzword.WebApp.csproj", "{5258BEAE-E332-45B2-AB9A-FF0C259F838D}"
EndProject
Project("{9A19103F-16F7-4668-BE54-9A1E7A4F7556}") = "Buzzword.DesktopApp", "src\UI\Clients\Buzzword.DesktopApp\Buzzword.DesktopApp.csproj", "{C600F520-5015-4501-876B-51A9644C2652}"
EndProject
Project("{FAE04EC0-301F-11D3-BF4B-00C04F79EFBC}") = "Buzzword.Application.Domain", "src\Application\Buzzword.Application.Domain\Buzzword.Application.Domain.csproj", "{172AFA0C-2A7A-4513-8F18-40BF53AC32CB}"
EndProject
Global
	GlobalSection(SolutionConfigurationPlatforms) = preSolution
		Debug|Any CPU = Debug|Any CPU
		Release|Any CPU = Release|Any CPU
	EndGlobalSection
	GlobalSection(ProjectConfigurationPlatforms) = postSolution
		{12D0E713-F096-45A6-B9E1-AF9B137F3167}.Debug|Any CPU.ActiveCfg = Debug|Any CPU
		{12D0E713-F096-45A6-B9E1-AF9B137F3167}.Debug|Any CPU.Build.0 = Debug|Any CPU
		{12D0E713-F096-45A6-B9E1-AF9B137F3167}.Release|Any CPU.ActiveCfg = Release|Any CPU
		{12D0E713-F096-45A6-B9E1-AF9B137F3167}.Release|Any CPU.Build.0 = Release|Any CPU
		{4527FDF3-3846-4EB9-996C-CCD1F628B65A}.Debug|Any CPU.ActiveCfg = Debug|Any CPU
		{4527FDF3-3846-4EB9-996C-CCD1F628B65A}.Debug|Any CPU.Build.0 = Debug|Any CPU
		{4527FDF3-3846-4EB9-996C-CCD1F628B65A}.Release|Any CPU.ActiveCfg = Release|Any CPU
		{4527FDF3-3846-4EB9-996C-CCD1F628B65A}.Release|Any CPU.Build.0 = Release|Any CPU
		{644175A6-3349-402A-B686-90E40CA2DDAF}.Debug|Any CPU.ActiveCfg = Debug|Any CPU
		{644175A6-3349-402A-B686-90E40CA2DDAF}.Debug|Any CPU.Build.0 = Debug|Any CPU
		{644175A6-3349-402A-B686-90E40CA2DDAF}.Release|Any CPU.ActiveCfg = Release|Any CPU
		{644175A6-3349-402A-B686-90E40CA2DDAF}.Release|Any CPU.Build.0 = Release|Any CPU
		{AD9DCE65-0BA9-475E-B3CD-EE4F0F9937E0}.Debug|Any CPU.ActiveCfg = Debug|Any CPU
		{AD9DCE65-0BA9-475E-B3CD-EE4F0F9937E0}.Debug|Any CPU.Build.0 = Debug|Any CPU
		{AD9DCE65-0BA9-475E-B3CD-EE4F0F9937E0}.Release|Any CPU.ActiveCfg = Release|Any CPU
		{AD9DCE65-0BA9-475E-B3CD-EE4F0F9937E0}.Release|Any CPU.Build.0 = Release|Any CPU
		{D8C69D8C-A74B-4D7F-BCB8-D124CE254870}.Debug|Any CPU.ActiveCfg = Debug|Any CPU
		{D8C69D8C-A74B-4D7F-BCB8-D124CE254870}.Debug|Any CPU.Build.0 = Debug|Any CPU
		{D8C69D8C-A74B-4D7F-BCB8-D124CE254870}.Release|Any CPU.ActiveCfg = Release|Any CPU
		{D8C69D8C-A74B-4D7F-BCB8-D124CE254870}.Release|Any CPU.Build.0 = Release|Any CPU
		{6F7AD21F-8967-466D-999D-6BD3916C8997}.Debug|Any CPU.ActiveCfg = Debug|Any CPU
		{6F7AD21F-8967-466D-999D-6BD3916C8997}.Debug|Any CPU.Build.0 = Debug|Any CPU
		{6F7AD21F-8967-466D-999D-6BD3916C8997}.Release|Any CPU.ActiveCfg = Release|Any CPU
		{6F7AD21F-8967-466D-999D-6BD3916C8997}.Release|Any CPU.Build.0 = Release|Any CPU
		{9130F621-4BA1-4424-9401-5674B22D202A}.Debug|Any CPU.ActiveCfg = Debug|Any CPU
		{9130F621-4BA1-4424-9401-5674B22D202A}.Debug|Any CPU.Build.0 = Debug|Any CPU
		{9130F621-4BA1-4424-9401-5674B22D202A}.Release|Any CPU.ActiveCfg = Release|Any CPU
		{9130F621-4BA1-4424-9401-5674B22D202A}.Release|Any CPU.Build.0 = Release|Any CPU
		{C9F22F72-A390-405A-8954-47AC6D2AE22C}.Debug|Any CPU.ActiveCfg = Debug|Any CPU
		{C9F22F72-A390-405A-8954-47AC6D2AE22C}.Debug|Any CPU.Build.0 = Debug|Any CPU
		{C9F22F72-A390-405A-8954-47AC6D2AE22C}.Release|Any CPU.ActiveCfg = Release|Any CPU
		{C9F22F72-A390-405A-8954-47AC6D2AE22C}.Release|Any CPU.Build.0 = Release|Any CPU
		{4350E5D3-A829-4FDD-B61B-559F4FC9A1FF}.Debug|Any CPU.ActiveCfg = Debug|Any CPU
		{4350E5D3-A829-4FDD-B61B-559F4FC9A1FF}.Debug|Any CPU.Build.0 = Debug|Any CPU
		{4350E5D3-A829-4FDD-B61B-559F4FC9A1FF}.Release|Any CPU.ActiveCfg = Release|Any CPU
		{4350E5D3-A829-4FDD-B61B-559F4FC9A1FF}.Release|Any CPU.Build.0 = Release|Any CPU
		{5258BEAE-E332-45B2-AB9A-FF0C259F838D}.Debug|Any CPU.ActiveCfg = Debug|Any CPU
		{5258BEAE-E332-45B2-AB9A-FF0C259F838D}.Debug|Any CPU.Build.0 = Debug|Any CPU
		{5258BEAE-E332-45B2-AB9A-FF0C259F838D}.Release|Any CPU.ActiveCfg = Release|Any CPU
		{5258BEAE-E332-45B2-AB9A-FF0C259F838D}.Release|Any CPU.Build.0 = Release|Any CPU
		{C600F520-5015-4501-876B-51A9644C2652}.Debug|Any CPU.ActiveCfg = Debug|Any CPU
		{C600F520-5015-4501-876B-51A9644C2652}.Debug|Any CPU.Build.0 = Debug|Any CPU
		{C600F520-5015-4501-876B-51A9644C2652}.Debug|Any CPU.Deploy.0 = Debug|Any CPU
		{C600F520-5015-4501-876B-51A9644C2652}.Release|Any CPU.ActiveCfg = Release|Any CPU
		{C600F520-5015-4501-876B-51A9644C2652}.Release|Any CPU.Build.0 = Release|Any CPU
		{C600F520-5015-4501-876B-51A9644C2652}.Release|Any CPU.Deploy.0 = Release|Any CPU
		{172AFA0C-2A7A-4513-8F18-40BF53AC32CB}.Debug|Any CPU.ActiveCfg = Debug|Any CPU
		{172AFA0C-2A7A-4513-8F18-40BF53AC32CB}.Debug|Any CPU.Build.0 = Debug|Any CPU
		{172AFA0C-2A7A-4513-8F18-40BF53AC32CB}.Release|Any CPU.ActiveCfg = Release|Any CPU
		{172AFA0C-2A7A-4513-8F18-40BF53AC32CB}.Release|Any CPU.Build.0 = Release|Any CPU
	EndGlobalSection
	GlobalSection(SolutionProperties) = preSolution
		HideSolutionNode = FALSE
	EndGlobalSection
	GlobalSection(NestedProjects) = preSolution
		{5D0DD62B-C159-4A0F-81A6-486A76C1BF31} = {62E703B4-079D-4822-94CA-DCA9B756FE0A}
		{FE3D0ECF-CC91-4334-9B0D-92B8FFC41BF1} = {62E703B4-079D-4822-94CA-DCA9B756FE0A}
		{12D0E713-F096-45A6-B9E1-AF9B137F3167} = {D9545B6D-85CC-47FA-97EE-DDD3E6CFBBCE}
		{4527FDF3-3846-4EB9-996C-CCD1F628B65A} = {D9545B6D-85CC-47FA-97EE-DDD3E6CFBBCE}
		{644175A6-3349-402A-B686-90E40CA2DDAF} = {527250D5-7961-4759-89D8-E6365F1443DA}
		{AD9DCE65-0BA9-475E-B3CD-EE4F0F9937E0} = {527250D5-7961-4759-89D8-E6365F1443DA}
		{D8C69D8C-A74B-4D7F-BCB8-D124CE254870} = {13BA9D95-3D67-42FB-AB2C-181717B7C27B}
		{6F7AD21F-8967-466D-999D-6BD3916C8997} = {13BA9D95-3D67-42FB-AB2C-181717B7C27B}
		{9130F621-4BA1-4424-9401-5674B22D202A} = {FE3D0ECF-CC91-4334-9B0D-92B8FFC41BF1}
		{C9F22F72-A390-405A-8954-47AC6D2AE22C} = {FE3D0ECF-CC91-4334-9B0D-92B8FFC41BF1}
		{4350E5D3-A829-4FDD-B61B-559F4FC9A1FF} = {FE3D0ECF-CC91-4334-9B0D-92B8FFC41BF1}
		{5258BEAE-E332-45B2-AB9A-FF0C259F838D} = {5D0DD62B-C159-4A0F-81A6-486A76C1BF31}
		{C600F520-5015-4501-876B-51A9644C2652} = {5D0DD62B-C159-4A0F-81A6-486A76C1BF31}
		{172AFA0C-2A7A-4513-8F18-40BF53AC32CB} = {D9545B6D-85CC-47FA-97EE-DDD3E6CFBBCE}
	EndGlobalSection
	GlobalSection(ExtensibilityGlobals) = postSolution
		SolutionGuid = {61F7FB11-1E47-470C-91E2-47F8143E1572}
	EndGlobalSection
EndGlobal
